
Microsoft Visual Studio Solution File, Format Version 12.00
# Visual Studio Version 17
VisualStudioVersion = 17.14.36717.8 d17.14
MinimumVisualStudioVersion = 10.0.40219.1
Project("{FAE04EC0-301F-11D3-BF4B-00C04F79EFBC}") = "Watermark.core", "Watermarktool\Watermark.core.csproj", "{EF0EB308-A6C2-4E1E-9CD8-89521D2CC84B}"
EndProject
Project("{FAE04EC0-301F-11D3-BF4B-00C04F79EFBC}") = "Watermark.PdfSharp", "Watermark.PdfSharp\Watermark.PdfSharp.csproj", "{0F52DE09-7E33-488F-9254-357AD5081ACF}"
EndProject
Project("{FAE04EC0-301F-11D3-BF4B-00C04F79EFBC}") = "Watermark.console", "Watermark.console\Watermark.console.csproj", "{16896133-1B68-482D-A0DC-5BDE0FAE69D6}"
EndProject
Global
	GlobalSection(SolutionConfigurationPlatforms) = preSolution
		Debug|Any CPU = Debug|Any CPU
		Release|Any CPU = Release|Any CPU
	EndGlobalSection
	GlobalSection(ProjectConfigurationPlatforms) = postSolution
		{EF0EB308-A6C2-4E1E-9CD8-89521D2CC84B}.Debug|Any CPU.ActiveCfg = Debug|Any CPU
		{EF0EB308-A6C2-4E1E-9CD8-89521D2CC84B}.Debug|Any CPU.Build.0 = Debug|Any CPU
		{EF0EB308-A6C2-4E1E-9CD8-89521D2CC84B}.Release|Any CPU.ActiveCfg = Release|Any CPU
		{EF0EB308-A6C2-4E1E-9CD8-89521D2CC84B}.Release|Any CPU.Build.0 = Release|Any CPU
		{0F52DE09-7E33-488F-9254-357AD5081ACF}.Debug|Any CPU.ActiveCfg = Debug|Any CPU
		{0F52DE09-7E33-488F-9254-357AD5081ACF}.Debug|Any CPU.Build.0 = Debug|Any CPU
		{0F52DE09-7E33-488F-9254-357AD5081ACF}.Release|Any CPU.ActiveCfg = Release|Any CPU
		{0F52DE09-7E33-488F-9254-357AD5081ACF}.Release|Any CPU.Build.0 = Release|Any CPU
		{16896133-1B68-482D-A0DC-5BDE0FAE69D6}.Debug|Any CPU.ActiveCfg = Debug|Any CPU
		{16896133-1B68-482D-A0DC-5BDE0FAE69D6}.Debug|Any CPU.Build.0 = Debug|Any CPU
		{16896133-1B68-482D-A0DC-5BDE0FAE69D6}.Release|Any CPU.ActiveCfg = Release|Any CPU
		{16896133-1B68-482D-A0DC-5BDE0FAE69D6}.Release|Any CPU.Build.0 = Release|Any CPU
	EndGlobalSection
	GlobalSection(SolutionProperties) = preSolution
		HideSolutionNode = FALSE
	EndGlobalSection
	GlobalSection(ExtensibilityGlobals) = postSolution
		SolutionGuid = {87F957A3-0657-4101-96A9-4BC7A3C129A8}
	EndGlobalSection
EndGlobal
